
Microsoft Visual Studio Solution File, Format Version 12.00
# Visual Studio Version 17
VisualStudioVersion = 17.2.32630.192
MinimumVisualStudioVersion = 10.0.40219.1
Project("{FAE04EC0-301F-11D3-BF4B-00C04F79EFBC}") = "WeatherAppServer", "WeatherAppServer\WeatherAppServer.csproj", "{65EF35B8-3F83-443F-958A-5E490D3C2228}"
EndProject
Global
	GlobalSection(SolutionConfigurationPlatforms) = preSolution
		Debug|Any CPU = Debug|Any CPU
		Release|Any CPU = Release|Any CPU
	EndGlobalSection
	GlobalSection(ProjectConfigurationPlatforms) = postSolution
		{65EF35B8-3F83-443F-958A-5E490D3C2228}.Debug|Any CPU.ActiveCfg = Debug|Any CPU
		{65EF35B8-3F83-443F-958A-5E490D3C2228}.Debug|Any CPU.Build.0 = Debug|Any CPU
		{65EF35B8-3F83-443F-958A-5E490D3C2228}.Release|Any CPU.ActiveCfg = Release|Any CPU
		{65EF35B8-3F83-443F-958A-5E490D3C2228}.Release|Any CPU.Build.0 = Release|Any CPU
	EndGlobalSection
	GlobalSection(SolutionProperties) = preSolution
		HideSolutionNode = FALSE
	EndGlobalSection
	GlobalSection(ExtensibilityGlobals) = postSolution
		SolutionGuid = {85C6BE94-C2FA-486D-A622-F56D07209AAC}
	EndGlobalSection
EndGlobal
